
Microsoft Visual Studio Solution File, Format Version 12.00
# Visual Studio 2013
VisualStudioVersion = 12.0.30324.0
MinimumVisualStudioVersion = 10.0.40219.1
Project("{54435603-DBB4-11D2-8724-00A0C9A8B90C}") = "SetupRevo", "SetupRevo\SetupRevo.vdproj", "{4BD5FFEF-A621-49AC-AA99-B705E99BF139}"
EndProject
Global
	GlobalSection(SolutionConfigurationPlatforms) = preSolution
		Debug|Default = Debug|Default
		Release|Default = Release|Default
	EndGlobalSection
	GlobalSection(ProjectConfigurationPlatforms) = postSolution
		{4BD5FFEF-A621-49AC-AA99-B705E99BF139}.Debug|Default.ActiveCfg = Release
		{4BD5FFEF-A621-49AC-AA99-B705E99BF139}.Debug|Default.Build.0 = Release
		{4BD5FFEF-A621-49AC-AA99-B705E99BF139}.Release|Default.ActiveCfg = Release
		{4BD5FFEF-A621-49AC-AA99-B705E99BF139}.Release|Default.Build.0 = Release
	EndGlobalSection
	GlobalSection(SolutionProperties) = preSolution
		HideSolutionNode = FALSE
	EndGlobalSection
EndGlobal
